{
  "object": {
    "pins": [
      {
        "package": "CollectionViewTools",
        "repositoryURL": "https://github.com/rosberry/CollectionViewTools",
        "state": {
          "branch": null,
          "revision": "916345b130c8ac35252e44ffcd1f67a0e9d27702",
          "version": "0.1.7"
        }
      },
      {
        "package": "DeepDiff",
        "repositoryURL": "https://github.com/onmyway133/DeepDiff",
        "state": {
          "branch": null,
          "revision": "2639b3a11054d666a4c5ec1b7dd2808e437f3289",
          "version": "2.3.3"
        }
      }
    ]
  },
  "version": 1
}
