// !$*UTF8*$!
{
	archiveVersion = 1;
	classes = {
	};
	objectVersion = 55;
	objects = {

/* Begin PBXBuildFile section */
		11265D2227C787AD001A47F8 /* CollectionViewTools in Frameworks */ = {isa = PBXBuildFile; productRef = 11265D2127C787AD001A47F8 /* CollectionViewTools */; };
		11265D3127C8D37B001A47F8 /* SFProText-Medium.ttf in Resources */ = {isa = PBXBuildFile; fileRef = 11265D2C27C8D37B001A47F8 /* SFProText-Medium.ttf */; };
		11265D3227C8D37B001A47F8 /* Lato-Bold.ttf in Resources */ = {isa = PBXBuildFile; fileRef = 11265D2D27C8D37B001A47F8 /* Lato-Bold.ttf */; };
		11265D3327C8D37B001A47F8 /* SFProText-Regular.ttf in Resources */ = {isa = PBXBuildFile; fileRef = 11265D2E27C8D37B001A47F8 /* SFProText-Regular.ttf */; };
		11265D3427C8D37B001A47F8 /* Lato-Medium.ttf in Resources */ = {isa = PBXBuildFile; fileRef = 11265D2F27C8D37B001A47F8 /* Lato-Medium.ttf */; };
		11265D3527C8D37B001A47F8 /* SFProText-Bold.ttf in Resources */ = {isa = PBXBuildFile; fileRef = 11265D3027C8D37B001A47F8 /* SFProText-Bold.ttf */; };
		11265D3A27C90A4B001A47F8 /* MainViewCell.swift in Sources */ = {isa = PBXBuildFile; fileRef = 11265D3927C90A4B001A47F8 /* MainViewCell.swift */; };
		11265D4127C92D1E001A47F8 /* Framezilla in Frameworks */ = {isa = PBXBuildFile; productRef = 11265D4027C92D1E001A47F8 /* Framezilla */; };
		11405508280580BF00746EAB /* MainTransitionManager.swift in Sources */ = {isa = PBXBuildFile; fileRef = 11405507280580BF00746EAB /* MainTransitionManager.swift */; };
		1140550C2805841800746EAB /* Fonts.swift in Sources */ = {isa = PBXBuildFile; fileRef = 1140550B2805841800746EAB /* Fonts.swift */; };
		1140550E2806E22C00746EAB /* MainSectionItemsFactory.swift in Sources */ = {isa = PBXBuildFile; fileRef = 1140550D2806E22C00746EAB /* MainSectionItemsFactory.swift */; };
		115D611127DDDEC40086A7AD /* MainService.swift in Sources */ = {isa = PBXBuildFile; fileRef = 115D611027DDDEC40086A7AD /* MainService.swift */; };
		115D611327DDE0C10086A7AD /* MainServiceImp.swift in Sources */ = {isa = PBXBuildFile; fileRef = 115D611227DDE0C10086A7AD /* MainServiceImp.swift */; };
		116B0F6927D218BE00C85225 /* MainViewController.swift in Sources */ = {isa = PBXBuildFile; fileRef = 116B0F6827D218BE00C85225 /* MainViewController.swift */; };
		116B0F6B27D2192300C85225 /* MainPresenter.swift in Sources */ = {isa = PBXBuildFile; fileRef = 116B0F6A27D2192300C85225 /* MainPresenter.swift */; };
		116B0F6D27D2199800C85225 /* MainModule.swift in Sources */ = {isa = PBXBuildFile; fileRef = 116B0F6C27D2199800C85225 /* MainModule.swift */; };
		116B0F6F27D219C200C85225 /* MainState.swift in Sources */ = {isa = PBXBuildFile; fileRef = 116B0F6E27D219C200C85225 /* MainState.swift */; };
		116B0F7227D21D2900C85225 /* BaseCoordinator.swift in Sources */ = {isa = PBXBuildFile; fileRef = 116B0F7127D21D2900C85225 /* BaseCoordinator.swift */; };
		116B0F7427D21D5B00C85225 /* AppCoordinator.swift in Sources */ = {isa = PBXBuildFile; fileRef = 116B0F7327D21D5B00C85225 /* AppCoordinator.swift */; };
		116B0F7627D2238600C85225 /* MainViewModel.swift in Sources */ = {isa = PBXBuildFile; fileRef = 116B0F7527D2238600C85225 /* MainViewModel.swift */; };
		1179826227DE2EBE00CE56E8 /* ServicesFactory.swift in Sources */ = {isa = PBXBuildFile; fileRef = 1179826127DE2EBE00CE56E8 /* ServicesFactory.swift */; };
		1179826727DE51AA00CE56E8 /* SearchViewController.swift in Sources */ = {isa = PBXBuildFile; fileRef = 1179826627DE51AA00CE56E8 /* SearchViewController.swift */; };
		1179826927DE554900CE56E8 /* SearchCoordinator.swift in Sources */ = {isa = PBXBuildFile; fileRef = 1179826827DE554900CE56E8 /* SearchCoordinator.swift */; };
		1194312F27E1E64300B117E5 /* SearchState.swift in Sources */ = {isa = PBXBuildFile; fileRef = 1194312E27E1E64200B117E5 /* SearchState.swift */; };
		1194313127E1E70300B117E5 /* SearchViewModel.swift in Sources */ = {isa = PBXBuildFile; fileRef = 1194313027E1E70300B117E5 /* SearchViewModel.swift */; };
		1194313327E1E75500B117E5 /* SearchPresenter.swift in Sources */ = {isa = PBXBuildFile; fileRef = 1194313227E1E75500B117E5 /* SearchPresenter.swift */; };
		1194313527E1E86400B117E5 /* SearchModule.swift in Sources */ = {isa = PBXBuildFile; fileRef = 1194313427E1E86400B117E5 /* SearchModule.swift */; };
		1195EFF427D741ED000CCAC4 /* DetailImageModule.swift in Sources */ = {isa = PBXBuildFile; fileRef = 1195EFF327D741ED000CCAC4 /* DetailImageModule.swift */; };
		1195EFF627D7426C000CCAC4 /* DetailImageState.swift in Sources */ = {isa = PBXBuildFile; fileRef = 1195EFF527D7426C000CCAC4 /* DetailImageState.swift */; };
		1195EFF827D742A9000CCAC4 /* DetailImageViewModel.swift in Sources */ = {isa = PBXBuildFile; fileRef = 1195EFF727D742A9000CCAC4 /* DetailImageViewModel.swift */; };
		1195EFFA27D743E0000CCAC4 /* DetailImagePresenter.swift in Sources */ = {isa = PBXBuildFile; fileRef = 1195EFF927D743E0000CCAC4 /* DetailImagePresenter.swift */; };
		1195EFFC27D78E35000CCAC4 /* DetailImageCoordinator.swift in Sources */ = {isa = PBXBuildFile; fileRef = 1195EFFB27D78E35000CCAC4 /* DetailImageCoordinator.swift */; };
		119AAB9227CB7D290085094C /* NetworkType.swift in Sources */ = {isa = PBXBuildFile; fileRef = 119AAB9127CB7D290085094C /* NetworkType.swift */; };
		119AAB9427CB7D5E0085094C /* NetworkRequest.swift in Sources */ = {isa = PBXBuildFile; fileRef = 119AAB9327CB7D5E0085094C /* NetworkRequest.swift */; };
		119AAB9627CB7E7A0085094C /* NetworkDataFetch.swift in Sources */ = {isa = PBXBuildFile; fileRef = 119AAB9527CB7E7A0085094C /* NetworkDataFetch.swift */; };
		119AAB9B27CB7FC60085094C /* ImageInfo.swift in Sources */ = {isa = PBXBuildFile; fileRef = 119AAB9A27CB7FC60085094C /* ImageInfo.swift */; };
		119AAB9D27CB7FE50085094C /* SearchResult.swift in Sources */ = {isa = PBXBuildFile; fileRef = 119AAB9C27CB7FE50085094C /* SearchResult.swift */; };
		119AAB9F27CB7FF60085094C /* UserModel.swift in Sources */ = {isa = PBXBuildFile; fileRef = 119AAB9E27CB7FF60085094C /* UserModel.swift */; };
		119AABA127CB82E70085094C /* ImageData.swift in Sources */ = {isa = PBXBuildFile; fileRef = 119AABA027CB82E70085094C /* ImageData.swift */; };
		119AABA327CB88450085094C /* CacheManager.swift in Sources */ = {isa = PBXBuildFile; fileRef = 119AABA227CB88450085094C /* CacheManager.swift */; };
		11B2C82627D62A40009BBB3E /* MainCoordinator.swift in Sources */ = {isa = PBXBuildFile; fileRef = 11B2C82527D62A40009BBB3E /* MainCoordinator.swift */; };
		11B2C82A27D65D36009BBB3E /* MainIndicatorViewCell.swift in Sources */ = {isa = PBXBuildFile; fileRef = 11B2C82927D65D36009BBB3E /* MainIndicatorViewCell.swift */; };
		11B2C82D27D66D35009BBB3E /* Layout.swift in Sources */ = {isa = PBXBuildFile; fileRef = 11B2C82C27D66D35009BBB3E /* Layout.swift */; };
		11BB5D0227CCC05C00905191 /* DetailImageViewController.swift in Sources */ = {isa = PBXBuildFile; fileRef = 119AAB8F27CB77F60085094C /* DetailImageViewController.swift */; };
		11BB5D0627CCCF8600905191 /* Strings.swift in Sources */ = {isa = PBXBuildFile; fileRef = 11BB5D0527CCCF8600905191 /* Strings.swift */; };
		11BC99F027DCA64B005FF37F /* MainIndicatorViewCellItem.swift in Sources */ = {isa = PBXBuildFile; fileRef = 11BC99EF27DCA64B005FF37F /* MainIndicatorViewCellItem.swift */; };
		11C98DA327D9FB3E00FDE57F /* MainViewCellItem.swift in Sources */ = {isa = PBXBuildFile; fileRef = 11C98DA227D9FB3E00FDE57F /* MainViewCellItem.swift */; };
		11C98DA527DA0FC400FDE57F /* MainSectionItem.swift in Sources */ = {isa = PBXBuildFile; fileRef = 11C98DA427DA0FC400FDE57F /* MainSectionItem.swift */; };
		11E59A8D27F87B6D00E9D490 /* SearchService.swift in Sources */ = {isa = PBXBuildFile; fileRef = 11E59A8C27F87B6D00E9D490 /* SearchService.swift */; };
		11E59A8F27F87C6400E9D490 /* SearchServiceImp.swift in Sources */ = {isa = PBXBuildFile; fileRef = 11E59A8E27F87C6400E9D490 /* SearchServiceImp.swift */; };
		11ECCC4F27C73346003DE888 /* AppDelegate.swift in Sources */ = {isa = PBXBuildFile; fileRef = 11ECCC4E27C73346003DE888 /* AppDelegate.swift */; };
		11ECCC5127C73346003DE888 /* SceneDelegate.swift in Sources */ = {isa = PBXBuildFile; fileRef = 11ECCC5027C73346003DE888 /* SceneDelegate.swift */; };
		11ECCC5627C73346003DE888 /* Main.storyboard in Resources */ = {isa = PBXBuildFile; fileRef = 11ECCC5427C73346003DE888 /* Main.storyboard */; };
		11ECCC5827C73349003DE888 /* Assets.xcassets in Resources */ = {isa = PBXBuildFile; fileRef = 11ECCC5727C73349003DE888 /* Assets.xcassets */; };
		11ECCC5B27C73349003DE888 /* LaunchScreen.storyboard in Resources */ = {isa = PBXBuildFile; fileRef = 11ECCC5927C73349003DE888 /* LaunchScreen.storyboard */; };
/* End PBXBuildFile section */

/* Begin PBXFileReference section */
		11265D2C27C8D37B001A47F8 /* SFProText-Medium.ttf */ = {isa = PBXFileReference; lastKnownFileType = file; path = "SFProText-Medium.ttf"; sourceTree = "<group>"; };
		11265D2D27C8D37B001A47F8 /* Lato-Bold.ttf */ = {isa = PBXFileReference; lastKnownFileType = file; path = "Lato-Bold.ttf"; sourceTree = "<group>"; };
		11265D2E27C8D37B001A47F8 /* SFProText-Regular.ttf */ = {isa = PBXFileReference; lastKnownFileType = file; path = "SFProText-Regular.ttf"; sourceTree = "<group>"; };
		11265D2F27C8D37B001A47F8 /* Lato-Medium.ttf */ = {isa = PBXFileReference; lastKnownFileType = file; path = "Lato-Medium.ttf"; sourceTree = "<group>"; };
		11265D3027C8D37B001A47F8 /* SFProText-Bold.ttf */ = {isa = PBXFileReference; lastKnownFileType = file; path = "SFProText-Bold.ttf"; sourceTree = "<group>"; };
		11265D3927C90A4B001A47F8 /* MainViewCell.swift */ = {isa = PBXFileReference; lastKnownFileType = sourcecode.swift; path = MainViewCell.swift; sourceTree = "<group>"; };
		11405507280580BF00746EAB /* MainTransitionManager.swift */ = {isa = PBXFileReference; lastKnownFileType = sourcecode.swift; path = MainTransitionManager.swift; sourceTree = "<group>"; };
		1140550B2805841800746EAB /* Fonts.swift */ = {isa = PBXFileReference; lastKnownFileType = sourcecode.swift; path = Fonts.swift; sourceTree = "<group>"; };
		1140550D2806E22C00746EAB /* MainSectionItemsFactory.swift */ = {isa = PBXFileReference; lastKnownFileType = sourcecode.swift; path = MainSectionItemsFactory.swift; sourceTree = "<group>"; };
		115D611027DDDEC40086A7AD /* MainService.swift */ = {isa = PBXFileReference; lastKnownFileType = sourcecode.swift; path = MainService.swift; sourceTree = "<group>"; };
		115D611227DDE0C10086A7AD /* MainServiceImp.swift */ = {isa = PBXFileReference; lastKnownFileType = sourcecode.swift; path = MainServiceImp.swift; sourceTree = "<group>"; };
		116B0F6827D218BE00C85225 /* MainViewController.swift */ = {isa = PBXFileReference; lastKnownFileType = sourcecode.swift; path = MainViewController.swift; sourceTree = "<group>"; };
		116B0F6A27D2192300C85225 /* MainPresenter.swift */ = {isa = PBXFileReference; lastKnownFileType = sourcecode.swift; path = MainPresenter.swift; sourceTree = "<group>"; };
		116B0F6C27D2199800C85225 /* MainModule.swift */ = {isa = PBXFileReference; lastKnownFileType = sourcecode.swift; path = MainModule.swift; sourceTree = "<group>"; };
		116B0F6E27D219C200C85225 /* MainState.swift */ = {isa = PBXFileReference; lastKnownFileType = sourcecode.swift; path = MainState.swift; sourceTree = "<group>"; };
		116B0F7127D21D2900C85225 /* BaseCoordinator.swift */ = {isa = PBXFileReference; lastKnownFileType = sourcecode.swift; path = BaseCoordinator.swift; sourceTree = "<group>"; };
		116B0F7327D21D5B00C85225 /* AppCoordinator.swift */ = {isa = PBXFileReference; lastKnownFileType = sourcecode.swift; path = AppCoordinator.swift; sourceTree = "<group>"; };
		116B0F7527D2238600C85225 /* MainViewModel.swift */ = {isa = PBXFileReference; lastKnownFileType = sourcecode.swift; path = MainViewModel.swift; sourceTree = "<group>"; };
		1179826127DE2EBE00CE56E8 /* ServicesFactory.swift */ = {isa = PBXFileReference; lastKnownFileType = sourcecode.swift; path = ServicesFactory.swift; sourceTree = "<group>"; };
		1179826627DE51AA00CE56E8 /* SearchViewController.swift */ = {isa = PBXFileReference; lastKnownFileType = sourcecode.swift; path = SearchViewController.swift; sourceTree = "<group>"; };
		1179826827DE554900CE56E8 /* SearchCoordinator.swift */ = {isa = PBXFileReference; lastKnownFileType = sourcecode.swift; path = SearchCoordinator.swift; sourceTree = "<group>"; };
		1194312E27E1E64200B117E5 /* SearchState.swift */ = {isa = PBXFileReference; lastKnownFileType = sourcecode.swift; path = SearchState.swift; sourceTree = "<group>"; };
		1194313027E1E70300B117E5 /* SearchViewModel.swift */ = {isa = PBXFileReference; lastKnownFileType = sourcecode.swift; path = SearchViewModel.swift; sourceTree = "<group>"; };
		1194313227E1E75500B117E5 /* SearchPresenter.swift */ = {isa = PBXFileReference; lastKnownFileType = sourcecode.swift; path = SearchPresenter.swift; sourceTree = "<group>"; };
		1194313427E1E86400B117E5 /* SearchModule.swift */ = {isa = PBXFileReference; lastKnownFileType = sourcecode.swift; path = SearchModule.swift; sourceTree = "<group>"; };
		1195EFF327D741ED000CCAC4 /* DetailImageModule.swift */ = {isa = PBXFileReference; lastKnownFileType = sourcecode.swift; path = DetailImageModule.swift; sourceTree = "<group>"; };
		1195EFF527D7426C000CCAC4 /* DetailImageState.swift */ = {isa = PBXFileReference; lastKnownFileType = sourcecode.swift; path = DetailImageState.swift; sourceTree = "<group>"; };
		1195EFF727D742A9000CCAC4 /* DetailImageViewModel.swift */ = {isa = PBXFileReference; lastKnownFileType = sourcecode.swift; path = DetailImageViewModel.swift; sourceTree = "<group>"; };
		1195EFF927D743E0000CCAC4 /* DetailImagePresenter.swift */ = {isa = PBXFileReference; lastKnownFileType = sourcecode.swift; path = DetailImagePresenter.swift; sourceTree = "<group>"; };
		1195EFFB27D78E35000CCAC4 /* DetailImageCoordinator.swift */ = {isa = PBXFileReference; lastKnownFileType = sourcecode.swift; path = DetailImageCoordinator.swift; sourceTree = "<group>"; };
		119AAB8F27CB77F60085094C /* DetailImageViewController.swift */ = {isa = PBXFileReference; lastKnownFileType = sourcecode.swift; path = DetailImageViewController.swift; sourceTree = "<group>"; };
		119AAB9127CB7D290085094C /* NetworkType.swift */ = {isa = PBXFileReference; lastKnownFileType = sourcecode.swift; path = NetworkType.swift; sourceTree = "<group>"; };
		119AAB9327CB7D5E0085094C /* NetworkRequest.swift */ = {isa = PBXFileReference; lastKnownFileType = sourcecode.swift; path = NetworkRequest.swift; sourceTree = "<group>"; };
		119AAB9527CB7E7A0085094C /* NetworkDataFetch.swift */ = {isa = PBXFileReference; lastKnownFileType = sourcecode.swift; path = NetworkDataFetch.swift; sourceTree = "<group>"; };
		119AAB9A27CB7FC60085094C /* ImageInfo.swift */ = {isa = PBXFileReference; lastKnownFileType = sourcecode.swift; path = ImageInfo.swift; sourceTree = "<group>"; };
		119AAB9C27CB7FE50085094C /* SearchResult.swift */ = {isa = PBXFileReference; lastKnownFileType = sourcecode.swift; path = SearchResult.swift; sourceTree = "<group>"; };
		119AAB9E27CB7FF60085094C /* UserModel.swift */ = {isa = PBXFileReference; lastKnownFileType = sourcecode.swift; path = UserModel.swift; sourceTree = "<group>"; };
		119AABA027CB82E70085094C /* ImageData.swift */ = {isa = PBXFileReference; lastKnownFileType = sourcecode.swift; path = ImageData.swift; sourceTree = "<group>"; };
		119AABA227CB88450085094C /* CacheManager.swift */ = {isa = PBXFileReference; lastKnownFileType = sourcecode.swift; path = CacheManager.swift; sourceTree = "<group>"; };
		11B2C82527D62A40009BBB3E /* MainCoordinator.swift */ = {isa = PBXFileReference; lastKnownFileType = sourcecode.swift; path = MainCoordinator.swift; sourceTree = "<group>"; };
		11B2C82927D65D36009BBB3E /* MainIndicatorViewCell.swift */ = {isa = PBXFileReference; lastKnownFileType = sourcecode.swift; path = MainIndicatorViewCell.swift; sourceTree = "<group>"; };
		11B2C82C27D66D35009BBB3E /* Layout.swift */ = {isa = PBXFileReference; lastKnownFileType = sourcecode.swift; path = Layout.swift; sourceTree = "<group>"; };
		11BB5D0527CCCF8600905191 /* Strings.swift */ = {isa = PBXFileReference; lastKnownFileType = sourcecode.swift; path = Strings.swift; sourceTree = "<group>"; };
		11BC99EF27DCA64B005FF37F /* MainIndicatorViewCellItem.swift */ = {isa = PBXFileReference; lastKnownFileType = sourcecode.swift; path = MainIndicatorViewCellItem.swift; sourceTree = "<group>"; };
		11C98DA227D9FB3E00FDE57F /* MainViewCellItem.swift */ = {isa = PBXFileReference; lastKnownFileType = sourcecode.swift; path = MainViewCellItem.swift; sourceTree = "<group>"; };
		11C98DA427DA0FC400FDE57F /* MainSectionItem.swift */ = {isa = PBXFileReference; lastKnownFileType = sourcecode.swift; path = MainSectionItem.swift; sourceTree = "<group>"; };
		11E59A8C27F87B6D00E9D490 /* SearchService.swift */ = {isa = PBXFileReference; lastKnownFileType = sourcecode.swift; path = SearchService.swift; sourceTree = "<group>"; };
		11E59A8E27F87C6400E9D490 /* SearchServiceImp.swift */ = {isa = PBXFileReference; lastKnownFileType = sourcecode.swift; path = SearchServiceImp.swift; sourceTree = "<group>"; };
		11ECCC4B27C73346003DE888 /* Pine.app */ = {isa = PBXFileReference; explicitFileType = wrapper.application; includeInIndex = 0; path = Pine.app; sourceTree = BUILT_PRODUCTS_DIR; };
		11ECCC4E27C73346003DE888 /* AppDelegate.swift */ = {isa = PBXFileReference; lastKnownFileType = sourcecode.swift; path = AppDelegate.swift; sourceTree = "<group>"; };
		11ECCC5027C73346003DE888 /* SceneDelegate.swift */ = {isa = PBXFileReference; lastKnownFileType = sourcecode.swift; path = SceneDelegate.swift; sourceTree = "<group>"; };
		11ECCC5527C73346003DE888 /* Base */ = {isa = PBXFileReference; lastKnownFileType = file.storyboard; name = Base; path = Base.lproj/Main.storyboard; sourceTree = "<group>"; };
		11ECCC5727C73349003DE888 /* Assets.xcassets */ = {isa = PBXFileReference; lastKnownFileType = folder.assetcatalog; path = Assets.xcassets; sourceTree = "<group>"; };
		11ECCC5A27C73349003DE888 /* Base */ = {isa = PBXFileReference; lastKnownFileType = file.storyboard; name = Base; path = Base.lproj/LaunchScreen.storyboard; sourceTree = "<group>"; };
		11ECCC5C27C73349003DE888 /* Info.plist */ = {isa = PBXFileReference; lastKnownFileType = text.plist.xml; path = Info.plist; sourceTree = "<group>"; };
/* End PBXFileReference section */

/* Begin PBXFrameworksBuildPhase section */
		11ECCC4827C73346003DE888 /* Frameworks */ = {
			isa = PBXFrameworksBuildPhase;
			buildActionMask = 2147483647;
			files = (
				11265D2227C787AD001A47F8 /* CollectionViewTools in Frameworks */,
				11265D4127C92D1E001A47F8 /* Framezilla in Frameworks */,
			);
			runOnlyForDeploymentPostprocessing = 0;
		};
/* End PBXFrameworksBuildPhase section */

/* Begin PBXGroup section */
		11265D2B27C8D37A001A47F8 /* Fonts */ = {
			isa = PBXGroup;
			children = (
				11265D3027C8D37B001A47F8 /* SFProText-Bold.ttf */,
				11265D2C27C8D37B001A47F8 /* SFProText-Medium.ttf */,
				11265D2E27C8D37B001A47F8 /* SFProText-Regular.ttf */,
				11265D2D27C8D37B001A47F8 /* Lato-Bold.ttf */,
				11265D2F27C8D37B001A47F8 /* Lato-Medium.ttf */,
			);
			path = Fonts;
			sourceTree = "<group>";
		};
		11265D3827C90A3E001A47F8 /* Main */ = {
			isa = PBXGroup;
			children = (
				11B2C82B27D66895009BBB3E /* Cell */,
				116B0F6C27D2199800C85225 /* MainModule.swift */,
				116B0F6827D218BE00C85225 /* MainViewController.swift */,
				116B0F6A27D2192300C85225 /* MainPresenter.swift */,
				116B0F6E27D219C200C85225 /* MainState.swift */,
				116B0F7527D2238600C85225 /* MainViewModel.swift */,
				11C98DA427DA0FC400FDE57F /* MainSectionItem.swift */,
				11405507280580BF00746EAB /* MainTransitionManager.swift */,
				1140550D2806E22C00746EAB /* MainSectionItemsFactory.swift */,
			);
			path = Main;
			sourceTree = "<group>";
		};
		1137224A27EC3E3000C700C8 /* Classes */ = {
			isa = PBXGroup;
			children = (
				1137224B27EC3E4200C700C8 /* BusinessLogic */,
				1137224C27EC3E5200C700C8 /* Core */,
				1137224D27EC3E5900C700C8 /* Presentation */,
				11ECCC4E27C73346003DE888 /* AppDelegate.swift */,
				11ECCC5027C73346003DE888 /* SceneDelegate.swift */,
			);
			path = Classes;
			sourceTree = "<group>";
		};
		1137224B27EC3E4200C700C8 /* BusinessLogic */ = {
			isa = PBXGroup;
			children = (
				119AAB9727CB7F630085094C /* Models */,
				119AAB9027CB7D130085094C /* Services */,
			);
			path = BusinessLogic;
			sourceTree = "<group>";
		};
		1137224C27EC3E5200C700C8 /* Core */ = {
			isa = PBXGroup;
			children = (
			);
			path = Core;
			sourceTree = "<group>";
		};
		1137224D27EC3E5900C700C8 /* Presentation */ = {
			isa = PBXGroup;
			children = (
				116B0F7027D21D1100C85225 /* Coordinators */,
				1137225227EC3EE300C700C8 /* Modules */,
				11ECCC5427C73346003DE888 /* Main.storyboard */,
				11ECCC5927C73349003DE888 /* LaunchScreen.storyboard */,
			);
			path = Presentation;
			sourceTree = "<group>";
		};
		1137224F27EC3EAE00C700C8 /* Main */ = {
			isa = PBXGroup;
			children = (
				11B2C82527D62A40009BBB3E /* MainCoordinator.swift */,
			);
			path = Main;
			sourceTree = "<group>";
		};
		1137225027EC3EB400C700C8 /* DetailImage */ = {
			isa = PBXGroup;
			children = (
				1195EFFB27D78E35000CCAC4 /* DetailImageCoordinator.swift */,
			);
			path = DetailImage;
			sourceTree = "<group>";
		};
		1137225127EC3EBA00C700C8 /* Search */ = {
			isa = PBXGroup;
			children = (
				1179826827DE554900CE56E8 /* SearchCoordinator.swift */,
			);
			path = Search;
			sourceTree = "<group>";
		};
		1137225227EC3EE300C700C8 /* Modules */ = {
			isa = PBXGroup;
			children = (
				11265D3827C90A3E001A47F8 /* Main */,
				11BB5D0427CCC07B00905191 /* DetailImage */,
				1179826527DE518500CE56E8 /* Search */,
			);
			path = Modules;
			sourceTree = "<group>";
		};
		1137225427EC400F00C700C8 /* MainService */ = {
			isa = PBXGroup;
			children = (
				115D611027DDDEC40086A7AD /* MainService.swift */,
				115D611227DDE0C10086A7AD /* MainServiceImp.swift */,
			);
			path = MainService;
			sourceTree = "<group>";
		};
		116B0F7027D21D1100C85225 /* Coordinators */ = {
			isa = PBXGroup;
			children = (
				1137224F27EC3EAE00C700C8 /* Main */,
				1137225027EC3EB400C700C8 /* DetailImage */,
				1137225127EC3EBA00C700C8 /* Search */,
				116B0F7127D21D2900C85225 /* BaseCoordinator.swift */,
				116B0F7327D21D5B00C85225 /* AppCoordinator.swift */,
			);
			path = Coordinators;
			sourceTree = "<group>";
		};
		1179826527DE518500CE56E8 /* Search */ = {
			isa = PBXGroup;
			children = (
				1194313427E1E86400B117E5 /* SearchModule.swift */,
				1179826627DE51AA00CE56E8 /* SearchViewController.swift */,
				1194313227E1E75500B117E5 /* SearchPresenter.swift */,
				1194312E27E1E64200B117E5 /* SearchState.swift */,
				1194313027E1E70300B117E5 /* SearchViewModel.swift */,
			);
			path = Search;
			sourceTree = "<group>";
		};
		119AAB9027CB7D130085094C /* Services */ = {
			isa = PBXGroup;
			children = (
				11E59A8B27F87B4B00E9D490 /* SearchService */,
				1137225427EC400F00C700C8 /* MainService */,
				119AAB9127CB7D290085094C /* NetworkType.swift */,
				119AAB9327CB7D5E0085094C /* NetworkRequest.swift */,
				119AAB9527CB7E7A0085094C /* NetworkDataFetch.swift */,
				119AABA227CB88450085094C /* CacheManager.swift */,
				1179826127DE2EBE00CE56E8 /* ServicesFactory.swift */,
			);
			path = Services;
			sourceTree = "<group>";
		};
		119AAB9727CB7F630085094C /* Models */ = {
			isa = PBXGroup;
			children = (
				119AAB9C27CB7FE50085094C /* SearchResult.swift */,
				119AAB9A27CB7FC60085094C /* ImageInfo.swift */,
				119AAB9E27CB7FF60085094C /* UserModel.swift */,
				119AABA027CB82E70085094C /* ImageData.swift */,
			);
			path = Models;
			sourceTree = "<group>";
		};
		11B2C82B27D66895009BBB3E /* Cell */ = {
			isa = PBXGroup;
			children = (
				11265D3927C90A4B001A47F8 /* MainViewCell.swift */,
				11C98DA227D9FB3E00FDE57F /* MainViewCellItem.swift */,
				11B2C82927D65D36009BBB3E /* MainIndicatorViewCell.swift */,
				11BC99EF27DCA64B005FF37F /* MainIndicatorViewCellItem.swift */,
			);
			path = Cell;
			sourceTree = "<group>";
		};
		11BB5D0427CCC07B00905191 /* DetailImage */ = {
			isa = PBXGroup;
			children = (
				1195EFF327D741ED000CCAC4 /* DetailImageModule.swift */,
				119AAB8F27CB77F60085094C /* DetailImageViewController.swift */,
				1195EFF927D743E0000CCAC4 /* DetailImagePresenter.swift */,
				1195EFF527D7426C000CCAC4 /* DetailImageState.swift */,
				1195EFF727D742A9000CCAC4 /* DetailImageViewModel.swift */,
			);
			path = DetailImage;
			sourceTree = "<group>";
		};
		11E59A8B27F87B4B00E9D490 /* SearchService */ = {
			isa = PBXGroup;
			children = (
				11E59A8C27F87B6D00E9D490 /* SearchService.swift */,
				11E59A8E27F87C6400E9D490 /* SearchServiceImp.swift */,
			);
			path = SearchService;
			sourceTree = "<group>";
		};
		11ECCC4227C73346003DE888 = {
			isa = PBXGroup;
			children = (
				11ECCC4D27C73346003DE888 /* Pine */,
				11ECCC4C27C73346003DE888 /* Products */,
			);
			sourceTree = "<group>";
		};
		11ECCC4C27C73346003DE888 /* Products */ = {
			isa = PBXGroup;
			children = (
				11ECCC4B27C73346003DE888 /* Pine.app */,
			);
			name = Products;
			sourceTree = "<group>";
		};
		11ECCC4D27C73346003DE888 /* Pine */ = {
			isa = PBXGroup;
			children = (
				1137224A27EC3E3000C700C8 /* Classes */,
				11ECCC6627C733FE003DE888 /* Resources */,
				11ECCC5C27C73349003DE888 /* Info.plist */,
			);
			path = Pine;
			sourceTree = "<group>";
		};
		11ECCC6627C733FE003DE888 /* Resources */ = {
			isa = PBXGroup;
			children = (
				11265D2B27C8D37A001A47F8 /* Fonts */,
				11ECCC5727C73349003DE888 /* Assets.xcassets */,
				1140550B2805841800746EAB /* Fonts.swift */,
				11BB5D0527CCCF8600905191 /* Strings.swift */,
				11B2C82C27D66D35009BBB3E /* Layout.swift */,
			);
			path = Resources;
			sourceTree = "<group>";
		};
/* End PBXGroup section */

/* Begin PBXNativeTarget section */
		11ECCC4A27C73346003DE888 /* Pine */ = {
			isa = PBXNativeTarget;
			buildConfigurationList = 11ECCC5F27C73349003DE888 /* Build configuration list for PBXNativeTarget "Pine" */;
			buildPhases = (
				11ECCC4727C73346003DE888 /* Sources */,
				11ECCC4827C73346003DE888 /* Frameworks */,
				11ECCC4927C73346003DE888 /* Resources */,
			);
			buildRules = (
			);
			dependencies = (
			);
			name = Pine;
			packageProductDependencies = (
				11265D2127C787AD001A47F8 /* CollectionViewTools */,
				11265D4027C92D1E001A47F8 /* Framezilla */,
			);
			productName = Pine;
			productReference = 11ECCC4B27C73346003DE888 /* Pine.app */;
			productType = "com.apple.product-type.application";
		};
/* End PBXNativeTarget section */

/* Begin PBXProject section */
		11ECCC4327C73346003DE888 /* Project object */ = {
			isa = PBXProject;
			attributes = {
				BuildIndependentTargetsInParallel = 1;
				LastSwiftUpdateCheck = 1300;
				LastUpgradeCheck = 1300;
				TargetAttributes = {
					11ECCC4A27C73346003DE888 = {
						CreatedOnToolsVersion = 13.0;
					};
				};
			};
			buildConfigurationList = 11ECCC4627C73346003DE888 /* Build configuration list for PBXProject "Pine" */;
			compatibilityVersion = "Xcode 13.0";
			developmentRegion = en;
			hasScannedForEncodings = 0;
			knownRegions = (
				en,
				Base,
			);
			mainGroup = 11ECCC4227C73346003DE888;
			packageReferences = (
				11265D2027C787AD001A47F8 /* XCRemoteSwiftPackageReference "CollectionViewTools" */,
				11265D3F27C92D1E001A47F8 /* XCRemoteSwiftPackageReference "Framezilla" */,
			);
			productRefGroup = 11ECCC4C27C73346003DE888 /* Products */;
			projectDirPath = "";
			projectRoot = "";
			targets = (
				11ECCC4A27C73346003DE888 /* Pine */,
			);
		};
/* End PBXProject section */

/* Begin PBXResourcesBuildPhase section */
		11ECCC4927C73346003DE888 /* Resources */ = {
			isa = PBXResourcesBuildPhase;
			buildActionMask = 2147483647;
			files = (
				11ECCC5B27C73349003DE888 /* LaunchScreen.storyboard in Resources */,
				11265D3327C8D37B001A47F8 /* SFProText-Regular.ttf in Resources */,
				11265D3227C8D37B001A47F8 /* Lato-Bold.ttf in Resources */,
				11265D3527C8D37B001A47F8 /* SFProText-Bold.ttf in Resources */,
				11265D3127C8D37B001A47F8 /* SFProText-Medium.ttf in Resources */,
				11ECCC5827C73349003DE888 /* Assets.xcassets in Resources */,
				11265D3427C8D37B001A47F8 /* Lato-Medium.ttf in Resources */,
				11ECCC5627C73346003DE888 /* Main.storyboard in Resources */,
			);
			runOnlyForDeploymentPostprocessing = 0;
		};
/* End PBXResourcesBuildPhase section */

/* Begin PBXSourcesBuildPhase section */
		11ECCC4727C73346003DE888 /* Sources */ = {
			isa = PBXSourcesBuildPhase;
			buildActionMask = 2147483647;
			files = (
				1195EFF627D7426C000CCAC4 /* DetailImageState.swift in Sources */,
				119AABA327CB88450085094C /* CacheManager.swift in Sources */,
				115D611327DDE0C10086A7AD /* MainServiceImp.swift in Sources */,
				116B0F6F27D219C200C85225 /* MainState.swift in Sources */,
				119AAB9427CB7D5E0085094C /* NetworkRequest.swift in Sources */,
				116B0F6B27D2192300C85225 /* MainPresenter.swift in Sources */,
				11C98DA327D9FB3E00FDE57F /* MainViewCellItem.swift in Sources */,
				1179826927DE554900CE56E8 /* SearchCoordinator.swift in Sources */,
				1179826227DE2EBE00CE56E8 /* ServicesFactory.swift in Sources */,
				11265D3A27C90A4B001A47F8 /* MainViewCell.swift in Sources */,
				115D611127DDDEC40086A7AD /* MainService.swift in Sources */,
				1195EFFC27D78E35000CCAC4 /* DetailImageCoordinator.swift in Sources */,
				119AAB9D27CB7FE50085094C /* SearchResult.swift in Sources */,
				1195EFF427D741ED000CCAC4 /* DetailImageModule.swift in Sources */,
				116B0F7427D21D5B00C85225 /* AppCoordinator.swift in Sources */,
				1194312F27E1E64300B117E5 /* SearchState.swift in Sources */,
				1140550C2805841800746EAB /* Fonts.swift in Sources */,
				119AAB9227CB7D290085094C /* NetworkType.swift in Sources */,
				11BC99F027DCA64B005FF37F /* MainIndicatorViewCellItem.swift in Sources */,
				1140550E2806E22C00746EAB /* MainSectionItemsFactory.swift in Sources */,
				1194313127E1E70300B117E5 /* SearchViewModel.swift in Sources */,
				11BB5D0227CCC05C00905191 /* DetailImageViewController.swift in Sources */,
				119AABA127CB82E70085094C /* ImageData.swift in Sources */,
				116B0F6927D218BE00C85225 /* MainViewController.swift in Sources */,
				1194313327E1E75500B117E5 /* SearchPresenter.swift in Sources */,
				11C98DA527DA0FC400FDE57F /* MainSectionItem.swift in Sources */,
				11B2C82A27D65D36009BBB3E /* MainIndicatorViewCell.swift in Sources */,
				11BB5D0627CCCF8600905191 /* Strings.swift in Sources */,
				11B2C82D27D66D35009BBB3E /* Layout.swift in Sources */,
				11B2C82627D62A40009BBB3E /* MainCoordinator.swift in Sources */,
				1194313527E1E86400B117E5 /* SearchModule.swift in Sources */,
				11405508280580BF00746EAB /* MainTransitionManager.swift in Sources */,
				11E59A8F27F87C6400E9D490 /* SearchServiceImp.swift in Sources */,
				119AAB9B27CB7FC60085094C /* ImageInfo.swift in Sources */,
				1179826727DE51AA00CE56E8 /* SearchViewController.swift in Sources */,
				11ECCC4F27C73346003DE888 /* AppDelegate.swift in Sources */,
				1195EFFA27D743E0000CCAC4 /* DetailImagePresenter.swift in Sources */,
				1195EFF827D742A9000CCAC4 /* DetailImageViewModel.swift in Sources */,
				116B0F7227D21D2900C85225 /* BaseCoordinator.swift in Sources */,
				11ECCC5127C73346003DE888 /* SceneDelegate.swift in Sources */,
				119AAB9627CB7E7A0085094C /* NetworkDataFetch.swift in Sources */,
				116B0F6D27D2199800C85225 /* MainModule.swift in Sources */,
				11E59A8D27F87B6D00E9D490 /* SearchService.swift in Sources */,
				119AAB9F27CB7FF60085094C /* UserModel.swift in Sources */,
				116B0F7627D2238600C85225 /* MainViewModel.swift in Sources */,
			);
			runOnlyForDeploymentPostprocessing = 0;
		};
/* End PBXSourcesBuildPhase section */

/* Begin PBXVariantGroup section */
		11ECCC5427C73346003DE888 /* Main.storyboard */ = {
			isa = PBXVariantGroup;
			children = (
				11ECCC5527C73346003DE888 /* Base */,
			);
			name = Main.storyboard;
			sourceTree = "<group>";
		};
		11ECCC5927C73349003DE888 /* LaunchScreen.storyboard */ = {
			isa = PBXVariantGroup;
			children = (
				11ECCC5A27C73349003DE888 /* Base */,
			);
			name = LaunchScreen.storyboard;
			sourceTree = "<group>";
		};
/* End PBXVariantGroup section */

/* Begin XCBuildConfiguration section */
		11ECCC5D27C73349003DE888 /* Debug */ = {
			isa = XCBuildConfiguration;
			buildSettings = {
				ALWAYS_SEARCH_USER_PATHS = NO;
				CLANG_ANALYZER_NONNULL = YES;
				CLANG_ANALYZER_NUMBER_OBJECT_CONVERSION = YES_AGGRESSIVE;
				CLANG_CXX_LANGUAGE_STANDARD = "gnu++17";
				CLANG_CXX_LIBRARY = "libc++";
				CLANG_ENABLE_MODULES = YES;
				CLANG_ENABLE_OBJC_ARC = YES;
				CLANG_ENABLE_OBJC_WEAK = YES;
				CLANG_WARN_BLOCK_CAPTURE_AUTORELEASING = YES;
				CLANG_WARN_BOOL_CONVERSION = YES;
				CLANG_WARN_COMMA = YES;
				CLANG_WARN_CONSTANT_CONVERSION = YES;
				CLANG_WARN_DEPRECATED_OBJC_IMPLEMENTATIONS = YES;
				CLANG_WARN_DIRECT_OBJC_ISA_USAGE = YES_ERROR;
				CLANG_WARN_DOCUMENTATION_COMMENTS = YES;
				CLANG_WARN_EMPTY_BODY = YES;
				CLANG_WARN_ENUM_CONVERSION = YES;
				CLANG_WARN_INFINITE_RECURSION = YES;
				CLANG_WARN_INT_CONVERSION = YES;
				CLANG_WARN_NON_LITERAL_NULL_CONVERSION = YES;
				CLANG_WARN_OBJC_IMPLICIT_RETAIN_SELF = YES;
				CLANG_WARN_OBJC_LITERAL_CONVERSION = YES;
				CLANG_WARN_OBJC_ROOT_CLASS = YES_ERROR;
				CLANG_WARN_QUOTED_INCLUDE_IN_FRAMEWORK_HEADER = YES;
				CLANG_WARN_RANGE_LOOP_ANALYSIS = YES;
				CLANG_WARN_STRICT_PROTOTYPES = YES;
				CLANG_WARN_SUSPICIOUS_MOVE = YES;
				CLANG_WARN_UNGUARDED_AVAILABILITY = YES_AGGRESSIVE;
				CLANG_WARN_UNREACHABLE_CODE = YES;
				CLANG_WARN__DUPLICATE_METHOD_MATCH = YES;
				COPY_PHASE_STRIP = NO;
				DEBUG_INFORMATION_FORMAT = dwarf;
				ENABLE_STRICT_OBJC_MSGSEND = YES;
				ENABLE_TESTABILITY = YES;
				GCC_C_LANGUAGE_STANDARD = gnu11;
				GCC_DYNAMIC_NO_PIC = NO;
				GCC_NO_COMMON_BLOCKS = YES;
				GCC_OPTIMIZATION_LEVEL = 0;
				GCC_PREPROCESSOR_DEFINITIONS = (
					"DEBUG=1",
					"$(inherited)",
				);
				GCC_WARN_64_TO_32_BIT_CONVERSION = YES;
				GCC_WARN_ABOUT_RETURN_TYPE = YES_ERROR;
				GCC_WARN_UNDECLARED_SELECTOR = YES;
				GCC_WARN_UNINITIALIZED_AUTOS = YES_AGGRESSIVE;
				GCC_WARN_UNUSED_FUNCTION = YES;
				GCC_WARN_UNUSED_VARIABLE = YES;
				IPHONEOS_DEPLOYMENT_TARGET = 13.0;
				MTL_ENABLE_DEBUG_INFO = INCLUDE_SOURCE;
				MTL_FAST_MATH = YES;
				ONLY_ACTIVE_ARCH = YES;
				SDKROOT = iphoneos;
				SWIFT_ACTIVE_COMPILATION_CONDITIONS = DEBUG;
				SWIFT_OPTIMIZATION_LEVEL = "-Onone";
			};
			name = Debug;
		};
		11ECCC5E27C73349003DE888 /* Release */ = {
			isa = XCBuildConfiguration;
			buildSettings = {
				ALWAYS_SEARCH_USER_PATHS = NO;
				CLANG_ANALYZER_NONNULL = YES;
				CLANG_ANALYZER_NUMBER_OBJECT_CONVERSION = YES_AGGRESSIVE;
				CLANG_CXX_LANGUAGE_STANDARD = "gnu++17";
				CLANG_CXX_LIBRARY = "libc++";
				CLANG_ENABLE_MODULES = YES;
				CLANG_ENABLE_OBJC_ARC = YES;
				CLANG_ENABLE_OBJC_WEAK = YES;
				CLANG_WARN_BLOCK_CAPTURE_AUTORELEASING = YES;
				CLANG_WARN_BOOL_CONVERSION = YES;
				CLANG_WARN_COMMA = YES;
				CLANG_WARN_CONSTANT_CONVERSION = YES;
				CLANG_WARN_DEPRECATED_OBJC_IMPLEMENTATIONS = YES;
				CLANG_WARN_DIRECT_OBJC_ISA_USAGE = YES_ERROR;
				CLANG_WARN_DOCUMENTATION_COMMENTS = YES;
				CLANG_WARN_EMPTY_BODY = YES;
				CLANG_WARN_ENUM_CONVERSION = YES;
				CLANG_WARN_INFINITE_RECURSION = YES;
				CLANG_WARN_INT_CONVERSION = YES;
				CLANG_WARN_NON_LITERAL_NULL_CONVERSION = YES;
				CLANG_WARN_OBJC_IMPLICIT_RETAIN_SELF = YES;
				CLANG_WARN_OBJC_LITERAL_CONVERSION = YES;
				CLANG_WARN_OBJC_ROOT_CLASS = YES_ERROR;
				CLANG_WARN_QUOTED_INCLUDE_IN_FRAMEWORK_HEADER = YES;
				CLANG_WARN_RANGE_LOOP_ANALYSIS = YES;
				CLANG_WARN_STRICT_PROTOTYPES = YES;
				CLANG_WARN_SUSPICIOUS_MOVE = YES;
				CLANG_WARN_UNGUARDED_AVAILABILITY = YES_AGGRESSIVE;
				CLANG_WARN_UNREACHABLE_CODE = YES;
				CLANG_WARN__DUPLICATE_METHOD_MATCH = YES;
				COPY_PHASE_STRIP = NO;
				DEBUG_INFORMATION_FORMAT = "dwarf-with-dsym";
				ENABLE_NS_ASSERTIONS = NO;
				ENABLE_STRICT_OBJC_MSGSEND = YES;
				GCC_C_LANGUAGE_STANDARD = gnu11;
				GCC_NO_COMMON_BLOCKS = YES;
				GCC_WARN_64_TO_32_BIT_CONVERSION = YES;
				GCC_WARN_ABOUT_RETURN_TYPE = YES_ERROR;
				GCC_WARN_UNDECLARED_SELECTOR = YES;
				GCC_WARN_UNINITIALIZED_AUTOS = YES_AGGRESSIVE;
				GCC_WARN_UNUSED_FUNCTION = YES;
				GCC_WARN_UNUSED_VARIABLE = YES;
				IPHONEOS_DEPLOYMENT_TARGET = 13.0;
				MTL_ENABLE_DEBUG_INFO = NO;
				MTL_FAST_MATH = YES;
				SDKROOT = iphoneos;
				SWIFT_COMPILATION_MODE = wholemodule;
				SWIFT_OPTIMIZATION_LEVEL = "-O";
				VALIDATE_PRODUCT = YES;
			};
			name = Release;
		};
		11ECCC6027C73349003DE888 /* Debug */ = {
			isa = XCBuildConfiguration;
			buildSettings = {
				ASSETCATALOG_COMPILER_APPICON_NAME = AppIcon;
				ASSETCATALOG_COMPILER_GLOBAL_ACCENT_COLOR_NAME = AccentColor;
				CODE_SIGN_STYLE = Automatic;
				CURRENT_PROJECT_VERSION = 1;
				DEVELOPMENT_TEAM = 6R24SK4QQB;
				GENERATE_INFOPLIST_FILE = YES;
				INFOPLIST_FILE = Pine/Info.plist;
				INFOPLIST_KEY_UIApplicationSupportsIndirectInputEvents = YES;
				INFOPLIST_KEY_UILaunchStoryboardName = LaunchScreen;
				INFOPLIST_KEY_UIMainStoryboardFile = Main;
				INFOPLIST_KEY_UIRequiresFullScreen = YES;
				INFOPLIST_KEY_UISupportedInterfaceOrientations = UIInterfaceOrientationPortrait;
				INFOPLIST_KEY_UISupportedInterfaceOrientations_iPad = "UIInterfaceOrientationPortrait UIInterfaceOrientationPortraitUpsideDown UIInterfaceOrientationLandscapeLeft UIInterfaceOrientationLandscapeRight";
				INFOPLIST_KEY_UISupportedInterfaceOrientations_iPhone = UIInterfaceOrientationPortrait;
				IPHONEOS_DEPLOYMENT_TARGET = 13.0;
				LD_RUNPATH_SEARCH_PATHS = (
					"$(inherited)",
					"@executable_path/Frameworks",
				);
				MARKETING_VERSION = 1.0;
				PRODUCT_BUNDLE_IDENTIFIER = exxcqz.Pine;
				PRODUCT_NAME = "$(TARGET_NAME)";
				SWIFT_EMIT_LOC_STRINGS = YES;
				SWIFT_VERSION = 5.0;
				TARGETED_DEVICE_FAMILY = "1,2";
			};
			name = Debug;
		};
		11ECCC6127C73349003DE888 /* Release */ = {
			isa = XCBuildConfiguration;
			buildSettings = {
				ASSETCATALOG_COMPILER_APPICON_NAME = AppIcon;
				ASSETCATALOG_COMPILER_GLOBAL_ACCENT_COLOR_NAME = AccentColor;
				CODE_SIGN_STYLE = Automatic;
				CURRENT_PROJECT_VERSION = 1;
				DEVELOPMENT_TEAM = 6R24SK4QQB;
				GENERATE_INFOPLIST_FILE = YES;
				INFOPLIST_FILE = Pine/Info.plist;
				INFOPLIST_KEY_UIApplicationSupportsIndirectInputEvents = YES;
				INFOPLIST_KEY_UILaunchStoryboardName = LaunchScreen;
				INFOPLIST_KEY_UIMainStoryboardFile = Main;
				INFOPLIST_KEY_UIRequiresFullScreen = YES;
				INFOPLIST_KEY_UISupportedInterfaceOrientations = UIInterfaceOrientationPortrait;
				INFOPLIST_KEY_UISupportedInterfaceOrientations_iPad = "UIInterfaceOrientationPortrait UIInterfaceOrientationPortraitUpsideDown UIInterfaceOrientationLandscapeLeft UIInterfaceOrientationLandscapeRight";
				INFOPLIST_KEY_UISupportedInterfaceOrientations_iPhone = UIInterfaceOrientationPortrait;
				IPHONEOS_DEPLOYMENT_TARGET = 13.0;
				LD_RUNPATH_SEARCH_PATHS = (
					"$(inherited)",
					"@executable_path/Frameworks",
				);
				MARKETING_VERSION = 1.0;
				PRODUCT_BUNDLE_IDENTIFIER = exxcqz.Pine;
				PRODUCT_NAME = "$(TARGET_NAME)";
				SWIFT_EMIT_LOC_STRINGS = YES;
				SWIFT_VERSION = 5.0;
				TARGETED_DEVICE_FAMILY = "1,2";
			};
			name = Release;
		};
/* End XCBuildConfiguration section */

/* Begin XCConfigurationList section */
		11ECCC4627C73346003DE888 /* Build configuration list for PBXProject "Pine" */ = {
			isa = XCConfigurationList;
			buildConfigurations = (
				11ECCC5D27C73349003DE888 /* Debug */,
				11ECCC5E27C73349003DE888 /* Release */,
			);
			defaultConfigurationIsVisible = 0;
			defaultConfigurationName = Release;
		};
		11ECCC5F27C73349003DE888 /* Build configuration list for PBXNativeTarget "Pine" */ = {
			isa = XCConfigurationList;
			buildConfigurations = (
				11ECCC6027C73349003DE888 /* Debug */,
				11ECCC6127C73349003DE888 /* Release */,
			);
			defaultConfigurationIsVisible = 0;
			defaultConfigurationName = Release;
		};
/* End XCConfigurationList section */

/* Begin XCRemoteSwiftPackageReference section */
		11265D2027C787AD001A47F8 /* XCRemoteSwiftPackageReference "CollectionViewTools" */ = {
			isa = XCRemoteSwiftPackageReference;
			repositoryURL = "https://github.com/rosberry/CollectionViewTools";
			requirement = {
				kind = upToNextMajorVersion;
				minimumVersion = 0.1.7;
			};
		};
		11265D3F27C92D1E001A47F8 /* XCRemoteSwiftPackageReference "Framezilla" */ = {
			isa = XCRemoteSwiftPackageReference;
			repositoryURL = "https://github.com/rosberry/Framezilla";
			requirement = {
				kind = upToNextMajorVersion;
				minimumVersion = 5.0.0;
			};
		};
/* End XCRemoteSwiftPackageReference section */

/* Begin XCSwiftPackageProductDependency section */
		11265D2127C787AD001A47F8 /* CollectionViewTools */ = {
			isa = XCSwiftPackageProductDependency;
			package = 11265D2027C787AD001A47F8 /* XCRemoteSwiftPackageReference "CollectionViewTools" */;
			productName = CollectionViewTools;
		};
		11265D4027C92D1E001A47F8 /* Framezilla */ = {
			isa = XCSwiftPackageProductDependency;
			package = 11265D3F27C92D1E001A47F8 /* XCRemoteSwiftPackageReference "Framezilla" */;
			productName = Framezilla;
		};
/* End XCSwiftPackageProductDependency section */
	};
	rootObject = 11ECCC4327C73346003DE888 /* Project object */;
}
